
Microsoft Visual Studio Solution File, Format Version 12.00
# Visual Studio Version 16
VisualStudioVersion = 16.0.32510.428
MinimumVisualStudioVersion = 10.0.40219.1
Project("{FAE04EC0-301F-11D3-BF4B-00C04F79EFBC}") = "Bar_Code01.Android", "Bar_Code01.Android\Bar_Code01.Android.csproj", "{71E5F05D-5013-4655-83B4-8E87A4BC5F26}"
EndProject
Project("{FAE04EC0-301F-11D3-BF4B-00C04F79EFBC}") = "Bar_Code01.iOS", "Bar_Code01.iOS\Bar_Code01.iOS.csproj", "{9F4DBE1D-CBC1-4D9F-88A8-B9305175209F}"
EndProject
Project("{FAE04EC0-301F-11D3-BF4B-00C04F79EFBC}") = "Bar_Code01", "Bar_Code01\Bar_Code01.csproj", "{4BA65EFB-56EC-4429-BEC2-F588D35E1C88}"
EndProject
Global
	GlobalSection(SolutionConfigurationPlatforms) = preSolution
		Debug|Any CPU = Debug|Any CPU
		Debug|iPhone = Debug|iPhone
		Debug|iPhoneSimulator = Debug|iPhoneSimulator
		Release|Any CPU = Release|Any CPU
		Release|iPhone = Release|iPhone
		Release|iPhoneSimulator = Release|iPhoneSimulator
	EndGlobalSection
	GlobalSection(ProjectConfigurationPlatforms) = postSolution
		{71E5F05D-5013-4655-83B4-8E87A4BC5F26}.Debug|Any CPU.ActiveCfg = Debug|Any CPU
		{71E5F05D-5013-4655-83B4-8E87A4BC5F26}.Debug|Any CPU.Build.0 = Debug|Any CPU
		{71E5F05D-5013-4655-83B4-8E87A4BC5F26}.Debug|Any CPU.Deploy.0 = Debug|Any CPU
		{71E5F05D-5013-4655-83B4-8E87A4BC5F26}.Debug|iPhone.ActiveCfg = Debug|Any CPU
		{71E5F05D-5013-4655-83B4-8E87A4BC5F26}.Debug|iPhone.Build.0 = Debug|Any CPU
		{71E5F05D-5013-4655-83B4-8E87A4BC5F26}.Debug|iPhone.Deploy.0 = Debug|Any CPU
		{71E5F05D-5013-4655-83B4-8E87A4BC5F26}.Debug|iPhoneSimulator.ActiveCfg = Debug|Any CPU
		{71E5F05D-5013-4655-83B4-8E87A4BC5F26}.Debug|iPhoneSimulator.Build.0 = Debug|Any CPU
		{71E5F05D-5013-4655-83B4-8E87A4BC5F26}.Debug|iPhoneSimulator.Deploy.0 = Debug|Any CPU
		{71E5F05D-5013-4655-83B4-8E87A4BC5F26}.Release|Any CPU.ActiveCfg = Release|Any CPU
		{71E5F05D-5013-4655-83B4-8E87A4BC5F26}.Release|Any CPU.Build.0 = Release|Any CPU
		{71E5F05D-5013-4655-83B4-8E87A4BC5F26}.Release|Any CPU.Deploy.0 = Release|Any CPU
		{71E5F05D-5013-4655-83B4-8E87A4BC5F26}.Release|iPhone.ActiveCfg = Release|Any CPU
		{71E5F05D-5013-4655-83B4-8E87A4BC5F26}.Release|iPhone.Build.0 = Release|Any CPU
		{71E5F05D-5013-4655-83B4-8E87A4BC5F26}.Release|iPhone.Deploy.0 = Release|Any CPU
		{71E5F05D-5013-4655-83B4-8E87A4BC5F26}.Release|iPhoneSimulator.ActiveCfg = Release|Any CPU
		{71E5F05D-5013-4655-83B4-8E87A4BC5F26}.Release|iPhoneSimulator.Build.0 = Release|Any CPU
		{71E5F05D-5013-4655-83B4-8E87A4BC5F26}.Release|iPhoneSimulator.Deploy.0 = Release|Any CPU
		{9F4DBE1D-CBC1-4D9F-88A8-B9305175209F}.Debug|Any CPU.ActiveCfg = Debug|iPhone
		{9F4DBE1D-CBC1-4D9F-88A8-B9305175209F}.Debug|Any CPU.Build.0 = Debug|iPhone
		{9F4DBE1D-CBC1-4D9F-88A8-B9305175209F}.Debug|Any CPU.Deploy.0 = Debug|iPhone
		{9F4DBE1D-CBC1-4D9F-88A8-B9305175209F}.Debug|iPhone.ActiveCfg = Debug|iPhone
		{9F4DBE1D-CBC1-4D9F-88A8-B9305175209F}.Debug|iPhone.Build.0 = Debug|iPhone
		{9F4DBE1D-CBC1-4D9F-88A8-B9305175209F}.Debug|iPhone.Deploy.0 = Debug|iPhone
		{9F4DBE1D-CBC1-4D9F-88A8-B9305175209F}.Debug|iPhoneSimulator.ActiveCfg = Debug|iPhoneSimulator
		{9F4DBE1D-CBC1-4D9F-88A8-B9305175209F}.Debug|iPhoneSimulator.Build.0 = Debug|iPhoneSimulator
		{9F4DBE1D-CBC1-4D9F-88A8-B9305175209F}.Debug|iPhoneSimulator.Deploy.0 = Debug|iPhoneSimulator
		{9F4DBE1D-CBC1-4D9F-88A8-B9305175209F}.Release|Any CPU.ActiveCfg = Release|iPhoneSimulator
		{9F4DBE1D-CBC1-4D9F-88A8-B9305175209F}.Release|Any CPU.Build.0 = Release|iPhoneSimulator
		{9F4DBE1D-CBC1-4D9F-88A8-B9305175209F}.Release|Any CPU.Deploy.0 = Release|iPhoneSimulator
		{9F4DBE1D-CBC1-4D9F-88A8-B9305175209F}.Release|iPhone.ActiveCfg = Release|iPhone
		{9F4DBE1D-CBC1-4D9F-88A8-B9305175209F}.Release|iPhone.Build.0 = Release|iPhone
		{9F4DBE1D-CBC1-4D9F-88A8-B9305175209F}.Release|iPhone.Deploy.0 = Release|iPhone
		{9F4DBE1D-CBC1-4D9F-88A8-B9305175209F}.Release|iPhoneSimulator.ActiveCfg = Release|iPhoneSimulator
		{9F4DBE1D-CBC1-4D9F-88A8-B9305175209F}.Release|iPhoneSimulator.Build.0 = Release|iPhoneSimulator
		{9F4DBE1D-CBC1-4D9F-88A8-B9305175209F}.Release|iPhoneSimulator.Deploy.0 = Release|iPhoneSimulator
		{4BA65EFB-56EC-4429-BEC2-F588D35E1C88}.Debug|Any CPU.ActiveCfg = Debug|Any CPU
		{4BA65EFB-56EC-4429-BEC2-F588D35E1C88}.Debug|Any CPU.Build.0 = Debug|Any CPU
		{4BA65EFB-56EC-4429-BEC2-F588D35E1C88}.Debug|Any CPU.Deploy.0 = Debug|Any CPU
		{4BA65EFB-56EC-4429-BEC2-F588D35E1C88}.Debug|iPhone.ActiveCfg = Debug|Any CPU
		{4BA65EFB-56EC-4429-BEC2-F588D35E1C88}.Debug|iPhone.Build.0 = Debug|Any CPU
		{4BA65EFB-56EC-4429-BEC2-F588D35E1C88}.Debug|iPhone.Deploy.0 = Debug|Any CPU
		{4BA65EFB-56EC-4429-BEC2-F588D35E1C88}.Debug|iPhoneSimulator.ActiveCfg = Debug|Any CPU
		{4BA65EFB-56EC-4429-BEC2-F588D35E1C88}.Debug|iPhoneSimulator.Build.0 = Debug|Any CPU
		{4BA65EFB-56EC-4429-BEC2-F588D35E1C88}.Debug|iPhoneSimulator.Deploy.0 = Debug|Any CPU
		{4BA65EFB-56EC-4429-BEC2-F588D35E1C88}.Release|Any CPU.ActiveCfg = Release|Any CPU
		{4BA65EFB-56EC-4429-BEC2-F588D35E1C88}.Release|Any CPU.Build.0 = Release|Any CPU
		{4BA65EFB-56EC-4429-BEC2-F588D35E1C88}.Release|Any CPU.Deploy.0 = Release|Any CPU
		{4BA65EFB-56EC-4429-BEC2-F588D35E1C88}.Release|iPhone.ActiveCfg = Release|Any CPU
		{4BA65EFB-56EC-4429-BEC2-F588D35E1C88}.Release|iPhone.Build.0 = Release|Any CPU
		{4BA65EFB-56EC-4429-BEC2-F588D35E1C88}.Release|iPhone.Deploy.0 = Release|Any CPU
		{4BA65EFB-56EC-4429-BEC2-F588D35E1C88}.Release|iPhoneSimulator.ActiveCfg = Release|Any CPU
		{4BA65EFB-56EC-4429-BEC2-F588D35E1C88}.Release|iPhoneSimulator.Build.0 = Release|Any CPU
		{4BA65EFB-56EC-4429-BEC2-F588D35E1C88}.Release|iPhoneSimulator.Deploy.0 = Release|Any CPU
	EndGlobalSection
	GlobalSection(SolutionProperties) = preSolution
		HideSolutionNode = FALSE
	EndGlobalSection
	GlobalSection(ExtensibilityGlobals) = postSolution
		SolutionGuid = {07F3A60C-B0C4-4FD4-BC87-0BDE4C44C9F4}
	EndGlobalSection
EndGlobal
